// !$*UTF8*$!
{
	archiveVersion = 1;
	classes = {
	};
	objectVersion = 50;
	objects = {

/* Begin PBXBuildFile section */
		4F1815CF24971BD200E5181D /* QSAudioParsedData.m in Sources */ = {isa = PBXBuildFile; fileRef = 4F1815CE24971BD200E5181D /* QSAudioParsedData.m */; };
		4F1815D22497687600E5181D /* QSAudioPlayer.m in Sources */ = {isa = PBXBuildFile; fileRef = 4F1815D12497687600E5181D /* QSAudioPlayer.m */; };
		4F1815D524976BF900E5181D /* ViewController2.m in Sources */ = {isa = PBXBuildFile; fileRef = 4F1815D424976BF900E5181D /* ViewController2.m */; };
		4F1815D8249779AB00E5181D /* QSAudioBuffer.m in Sources */ = {isa = PBXBuildFile; fileRef = 4F1815D7249779AB00E5181D /* QSAudioBuffer.m */; };
		4F66877B2498A37600D8A7E7 /* QSAudioOutputQueue.m in Sources */ = {isa = PBXBuildFile; fileRef = 4F66877A2498A37600D8A7E7 /* QSAudioOutputQueue.m */; };
		4F6B3F4C2491B9F900E9B834 /* Audio_Play.m in Sources */ = {isa = PBXBuildFile; fileRef = 4F6B3F4B2491B9F900E9B834 /* Audio_Play.m */; };
		4F6B3F502491D0DB00E9B834 /* QSAudioFileStream.m in Sources */ = {isa = PBXBuildFile; fileRef = 4F6B3F4F2491D0DB00E9B834 /* QSAudioFileStream.m */; };
		4F90A0492493217200054CE5 /* 小城大事.mp3 in Resources */ = {isa = PBXBuildFile; fileRef = 4F90A0472493217200054CE5 /* 小城大事.mp3 */; };
		4F90A04A2493217200054CE5 /* 她来听我的演唱会.mp3 in Resources */ = {isa = PBXBuildFile; fileRef = 4F90A0482493217200054CE5 /* 她来听我的演唱会.mp3 */; };
		4F90A050249321C000054CE5 /* MP3Sample.mp3 in Resources */ = {isa = PBXBuildFile; fileRef = 4F90A04F249321C000054CE5 /* MP3Sample.mp3 */; };
		4F90A05824935C4600054CE5 /* Audio_UseTests.m in Sources */ = {isa = PBXBuildFile; fileRef = 4F90A05724935C4600054CE5 /* Audio_UseTests.m */; };
		4F90A06124936C9B00054CE5 /* QSAudioFile.m in Sources */ = {isa = PBXBuildFile; fileRef = 4F90A06024936C9B00054CE5 /* QSAudioFile.m */; };
		4FCFE771248F2FDF00331A03 /* AudioFile_Use.m in Sources */ = {isa = PBXBuildFile; fileRef = 4FCFE770248F2FDF00331A03 /* AudioFile_Use.m */; };
		4FCFE774248F83A700331A03 /* AudioQueue_Use.m in Sources */ = {isa = PBXBuildFile; fileRef = 4FCFE773248F83A700331A03 /* AudioQueue_Use.m */; };
		4FD1E192248A4D1800EB1665 /* AppDelegate.m in Sources */ = {isa = PBXBuildFile; fileRef = 4FD1E191248A4D1800EB1665 /* AppDelegate.m */; };
		4FD1E195248A4D1800EB1665 /* SceneDelegate.m in Sources */ = {isa = PBXBuildFile; fileRef = 4FD1E194248A4D1800EB1665 /* SceneDelegate.m */; };
		4FD1E198248A4D1800EB1665 /* ViewController.m in Sources */ = {isa = PBXBuildFile; fileRef = 4FD1E197248A4D1800EB1665 /* ViewController.m */; };
		4FD1E19B248A4D1800EB1665 /* Main.storyboard in Resources */ = {isa = PBXBuildFile; fileRef = 4FD1E199248A4D1800EB1665 /* Main.storyboard */; };
		4FD1E19D248A4D1C00EB1665 /* Assets.xcassets in Resources */ = {isa = PBXBuildFile; fileRef = 4FD1E19C248A4D1C00EB1665 /* Assets.xcassets */; };
		4FD1E1A0248A4D1C00EB1665 /* LaunchScreen.storyboard in Resources */ = {isa = PBXBuildFile; fileRef = 4FD1E19E248A4D1C00EB1665 /* LaunchScreen.storyboard */; };
		4FD1E1A3248A4D1C00EB1665 /* main.m in Sources */ = {isa = PBXBuildFile; fileRef = 4FD1E1A2248A4D1C00EB1665 /* main.m */; };
		4FD1E1AB248A4DF900EB1665 /* AudioFileStream_Use.m in Sources */ = {isa = PBXBuildFile; fileRef = 4FD1E1AA248A4DF900EB1665 /* AudioFileStream_Use.m */; };
/* End PBXBuildFile section */

/* Begin PBXContainerItemProxy section */
		4F90A05A24935C4600054CE5 /* PBXContainerItemProxy */ = {
			isa = PBXContainerItemProxy;
			containerPortal = 4FD1E185248A4D1800EB1665 /* Project object */;
			proxyType = 1;
			remoteGlobalIDString = 4FD1E18C248A4D1800EB1665;
			remoteInfo = Audio_Use;
		};
/* End PBXContainerItemProxy section */

/* Begin PBXFileReference section */
		4F1815CD24971BD200E5181D /* QSAudioParsedData.h */ = {isa = PBXFileReference; lastKnownFileType = sourcecode.c.h; path = QSAudioParsedData.h; sourceTree = "<group>"; };
		4F1815CE24971BD200E5181D /* QSAudioParsedData.m */ = {isa = PBXFileReference; lastKnownFileType = sourcecode.c.objc; path = QSAudioParsedData.m; sourceTree = "<group>"; };
		4F1815D02497687600E5181D /* QSAudioPlayer.h */ = {isa = PBXFileReference; lastKnownFileType = sourcecode.c.h; path = QSAudioPlayer.h; sourceTree = "<group>"; };
		4F1815D12497687600E5181D /* QSAudioPlayer.m */ = {isa = PBXFileReference; lastKnownFileType = sourcecode.c.objc; path = QSAudioPlayer.m; sourceTree = "<group>"; };
		4F1815D324976BF900E5181D /* ViewController2.h */ = {isa = PBXFileReference; lastKnownFileType = sourcecode.c.h; path = ViewController2.h; sourceTree = "<group>"; };
		4F1815D424976BF900E5181D /* ViewController2.m */ = {isa = PBXFileReference; lastKnownFileType = sourcecode.c.objc; path = ViewController2.m; sourceTree = "<group>"; };
		4F1815D6249779AB00E5181D /* QSAudioBuffer.h */ = {isa = PBXFileReference; lastKnownFileType = sourcecode.c.h; path = QSAudioBuffer.h; sourceTree = "<group>"; };
		4F1815D7249779AB00E5181D /* QSAudioBuffer.m */ = {isa = PBXFileReference; lastKnownFileType = sourcecode.c.objc; path = QSAudioBuffer.m; sourceTree = "<group>"; };
		4F6687792498A37600D8A7E7 /* QSAudioOutputQueue.h */ = {isa = PBXFileReference; lastKnownFileType = sourcecode.c.h; path = QSAudioOutputQueue.h; sourceTree = "<group>"; };
		4F66877A2498A37600D8A7E7 /* QSAudioOutputQueue.m */ = {isa = PBXFileReference; lastKnownFileType = sourcecode.c.objc; path = QSAudioOutputQueue.m; sourceTree = "<group>"; };
		4F6B3F4A2491B9F900E9B834 /* Audio_Play.h */ = {isa = PBXFileReference; lastKnownFileType = sourcecode.c.h; path = Audio_Play.h; sourceTree = "<group>"; };
		4F6B3F4B2491B9F900E9B834 /* Audio_Play.m */ = {isa = PBXFileReference; lastKnownFileType = sourcecode.c.objc; path = Audio_Play.m; sourceTree = "<group>"; };
		4F6B3F4E2491D0DB00E9B834 /* QSAudioFileStream.h */ = {isa = PBXFileReference; lastKnownFileType = sourcecode.c.h; path = QSAudioFileStream.h; sourceTree = "<group>"; };
		4F6B3F4F2491D0DB00E9B834 /* QSAudioFileStream.m */ = {isa = PBXFileReference; lastKnownFileType = sourcecode.c.objc; path = QSAudioFileStream.m; sourceTree = "<group>"; };
		4F90A0472493217200054CE5 /* 小城大事.mp3 */ = {isa = PBXFileReference; lastKnownFileType = audio.mp3; path = "小城大事.mp3"; sourceTree = "<group>"; };
		4F90A0482493217200054CE5 /* 她来听我的演唱会.mp3 */ = {isa = PBXFileReference; lastKnownFileType = audio.mp3; path = "她来听我的演唱会.mp3"; sourceTree = "<group>"; };
		4F90A04F249321C000054CE5 /* MP3Sample.mp3 */ = {isa = PBXFileReference; lastKnownFileType = audio.mp3; path = MP3Sample.mp3; sourceTree = "<group>"; };
		4F90A05524935C4600054CE5 /* Audio_UseTests.xctest */ = {isa = PBXFileReference; explicitFileType = wrapper.cfbundle; includeInIndex = 0; path = Audio_UseTests.xctest; sourceTree = BUILT_PRODUCTS_DIR; };
		4F90A05724935C4600054CE5 /* Audio_UseTests.m */ = {isa = PBXFileReference; lastKnownFileType = sourcecode.c.objc; path = Audio_UseTests.m; sourceTree = "<group>"; };
		4F90A05924935C4600054CE5 /* Info.plist */ = {isa = PBXFileReference; lastKnownFileType = text.plist.xml; path = Info.plist; sourceTree = "<group>"; };
		4F90A05F24936C9B00054CE5 /* QSAudioFile.h */ = {isa = PBXFileReference; lastKnownFileType = sourcecode.c.h; path = QSAudioFile.h; sourceTree = "<group>"; };
		4F90A06024936C9B00054CE5 /* QSAudioFile.m */ = {isa = PBXFileReference; lastKnownFileType = sourcecode.c.objc; path = QSAudioFile.m; sourceTree = "<group>"; };
		4FCFE76F248F2FDF00331A03 /* AudioFile_Use.h */ = {isa = PBXFileReference; lastKnownFileType = sourcecode.c.h; path = AudioFile_Use.h; sourceTree = "<group>"; };
		4FCFE770248F2FDF00331A03 /* AudioFile_Use.m */ = {isa = PBXFileReference; lastKnownFileType = sourcecode.c.objc; path = AudioFile_Use.m; sourceTree = "<group>"; };
		4FCFE772248F83A700331A03 /* AudioQueue_Use.h */ = {isa = PBXFileReference; lastKnownFileType = sourcecode.c.h; path = AudioQueue_Use.h; sourceTree = "<group>"; };
		4FCFE773248F83A700331A03 /* AudioQueue_Use.m */ = {isa = PBXFileReference; lastKnownFileType = sourcecode.c.objc; path = AudioQueue_Use.m; sourceTree = "<group>"; };
		4FD1E18D248A4D1800EB1665 /* Audio_Use.app */ = {isa = PBXFileReference; explicitFileType = wrapper.application; includeInIndex = 0; path = Audio_Use.app; sourceTree = BUILT_PRODUCTS_DIR; };
		4FD1E190248A4D1800EB1665 /* AppDelegate.h */ = {isa = PBXFileReference; lastKnownFileType = sourcecode.c.h; path = AppDelegate.h; sourceTree = "<group>"; };
		4FD1E191248A4D1800EB1665 /* AppDelegate.m */ = {isa = PBXFileReference; lastKnownFileType = sourcecode.c.objc; path = AppDelegate.m; sourceTree = "<group>"; };
		4FD1E193248A4D1800EB1665 /* SceneDelegate.h */ = {isa = PBXFileReference; lastKnownFileType = sourcecode.c.h; path = SceneDelegate.h; sourceTree = "<group>"; };
		4FD1E194248A4D1800EB1665 /* SceneDelegate.m */ = {isa = PBXFileReference; lastKnownFileType = sourcecode.c.objc; path = SceneDelegate.m; sourceTree = "<group>"; };
		4FD1E196248A4D1800EB1665 /* ViewController.h */ = {isa = PBXFileReference; lastKnownFileType = sourcecode.c.h; path = ViewController.h; sourceTree = "<group>"; };
		4FD1E197248A4D1800EB1665 /* ViewController.m */ = {isa = PBXFileReference; lastKnownFileType = sourcecode.c.objc; path = ViewController.m; sourceTree = "<group>"; };
		4FD1E19A248A4D1800EB1665 /* Base */ = {isa = PBXFileReference; lastKnownFileType = file.storyboard; name = Base; path = Base.lproj/Main.storyboard; sourceTree = "<group>"; };
		4FD1E19C248A4D1C00EB1665 /* Assets.xcassets */ = {isa = PBXFileReference; lastKnownFileType = folder.assetcatalog; path = Assets.xcassets; sourceTree = "<group>"; };
		4FD1E19F248A4D1C00EB1665 /* Base */ = {isa = PBXFileReference; lastKnownFileType = file.storyboard; name = Base; path = Base.lproj/LaunchScreen.storyboard; sourceTree = "<group>"; };
		4FD1E1A1248A4D1C00EB1665 /* Info.plist */ = {isa = PBXFileReference; lastKnownFileType = text.plist.xml; path = Info.plist; sourceTree = "<group>"; };
		4FD1E1A2248A4D1C00EB1665 /* main.m */ = {isa = PBXFileReference; lastKnownFileType = sourcecode.c.objc; path = main.m; sourceTree = "<group>"; };
		4FD1E1A9248A4DF900EB1665 /* AudioFileStream_Use.h */ = {isa = PBXFileReference; fileEncoding = 4; lastKnownFileType = sourcecode.c.h; path = AudioFileStream_Use.h; sourceTree = "<group>"; };
		4FD1E1AA248A4DF900EB1665 /* AudioFileStream_Use.m */ = {isa = PBXFileReference; fileEncoding = 4; lastKnownFileType = sourcecode.c.objc; path = AudioFileStream_Use.m; sourceTree = "<group>"; };
/* End PBXFileReference section */

/* Begin PBXFrameworksBuildPhase section */
		4F90A05224935C4600054CE5 /* Frameworks */ = {
			isa = PBXFrameworksBuildPhase;
			buildActionMask = 2147483647;
			files = (
			);
			runOnlyForDeploymentPostprocessing = 0;
		};
		4FD1E18A248A4D1800EB1665 /* Frameworks */ = {
			isa = PBXFrameworksBuildPhase;
			buildActionMask = 2147483647;
			files = (
			);
			runOnlyForDeploymentPostprocessing = 0;
		};
/* End PBXFrameworksBuildPhase section */

/* Begin PBXGroup section */
		4F6B3F4D2491D06100E9B834 /* Tools */ = {
			isa = PBXGroup;
			children = (
				4F6B3F4A2491B9F900E9B834 /* Audio_Play.h */,
				4F6B3F4B2491B9F900E9B834 /* Audio_Play.m */,
				4F1815D02497687600E5181D /* QSAudioPlayer.h */,
				4F1815D12497687600E5181D /* QSAudioPlayer.m */,
				4F6B3F4E2491D0DB00E9B834 /* QSAudioFileStream.h */,
				4F6B3F4F2491D0DB00E9B834 /* QSAudioFileStream.m */,
				4F90A05F24936C9B00054CE5 /* QSAudioFile.h */,
				4F90A06024936C9B00054CE5 /* QSAudioFile.m */,
				4F6687792498A37600D8A7E7 /* QSAudioOutputQueue.h */,
				4F66877A2498A37600D8A7E7 /* QSAudioOutputQueue.m */,
				4F1815CD24971BD200E5181D /* QSAudioParsedData.h */,
				4F1815CE24971BD200E5181D /* QSAudioParsedData.m */,
				4F1815D6249779AB00E5181D /* QSAudioBuffer.h */,
				4F1815D7249779AB00E5181D /* QSAudioBuffer.m */,
			);
			path = Tools;
			sourceTree = "<group>";
		};
		4F90A05624935C4600054CE5 /* Audio_UseTests */ = {
			isa = PBXGroup;
			children = (
				4F90A05724935C4600054CE5 /* Audio_UseTests.m */,
				4F90A05924935C4600054CE5 /* Info.plist */,
			);
			path = Audio_UseTests;
			sourceTree = "<group>";
		};
		4FD1E184248A4D1800EB1665 = {
			isa = PBXGroup;
			children = (
				4FD1E18F248A4D1800EB1665 /* Audio_Use */,
				4F90A05624935C4600054CE5 /* Audio_UseTests */,
				4FD1E18E248A4D1800EB1665 /* Products */,
			);
			sourceTree = "<group>";
		};
		4FD1E18E248A4D1800EB1665 /* Products */ = {
			isa = PBXGroup;
			children = (
				4FD1E18D248A4D1800EB1665 /* Audio_Use.app */,
				4F90A05524935C4600054CE5 /* Audio_UseTests.xctest */,
			);
			name = Products;
			sourceTree = "<group>";
		};
		4FD1E18F248A4D1800EB1665 /* Audio_Use */ = {
			isa = PBXGroup;
			children = (
				4FD1E190248A4D1800EB1665 /* AppDelegate.h */,
				4FD1E191248A4D1800EB1665 /* AppDelegate.m */,
				4FD1E193248A4D1800EB1665 /* SceneDelegate.h */,
				4FD1E194248A4D1800EB1665 /* SceneDelegate.m */,
				4FD1E196248A4D1800EB1665 /* ViewController.h */,
				4FD1E197248A4D1800EB1665 /* ViewController.m */,
				4F1815D324976BF900E5181D /* ViewController2.h */,
				4F1815D424976BF900E5181D /* ViewController2.m */,
				4F6B3F4D2491D06100E9B834 /* Tools */,
				4FD1E1A9248A4DF900EB1665 /* AudioFileStream_Use.h */,
				4FD1E1AA248A4DF900EB1665 /* AudioFileStream_Use.m */,
				4FCFE76F248F2FDF00331A03 /* AudioFile_Use.h */,
				4FCFE770248F2FDF00331A03 /* AudioFile_Use.m */,
				4FCFE772248F83A700331A03 /* AudioQueue_Use.h */,
				4FCFE773248F83A700331A03 /* AudioQueue_Use.m */,
				4F90A0482493217200054CE5 /* 她来听我的演唱会.mp3 */,
				4F90A0472493217200054CE5 /* 小城大事.mp3 */,
				4F90A04F249321C000054CE5 /* MP3Sample.mp3 */,
				4FD1E199248A4D1800EB1665 /* Main.storyboard */,
				4FD1E19C248A4D1C00EB1665 /* Assets.xcassets */,
				4FD1E19E248A4D1C00EB1665 /* LaunchScreen.storyboard */,
				4FD1E1A1248A4D1C00EB1665 /* Info.plist */,
				4FD1E1A2248A4D1C00EB1665 /* main.m */,
			);
			path = Audio_Use;
			sourceTree = "<group>";
		};
/* End PBXGroup section */

/* Begin PBXNativeTarget section */
		4F90A05424935C4600054CE5 /* Audio_UseTests */ = {
			isa = PBXNativeTarget;
			buildConfigurationList = 4F90A05C24935C4600054CE5 /* Build configuration list for PBXNativeTarget "Audio_UseTests" */;
			buildPhases = (
				4F90A05124935C4600054CE5 /* Sources */,
				4F90A05224935C4600054CE5 /* Frameworks */,
				4F90A05324935C4600054CE5 /* Resources */,
			);
			buildRules = (
			);
			dependencies = (
				4F90A05B24935C4600054CE5 /* PBXTargetDependency */,
			);
			name = Audio_UseTests;
			productName = Audio_UseTests;
			productReference = 4F90A05524935C4600054CE5 /* Audio_UseTests.xctest */;
			productType = "com.apple.product-type.bundle.unit-test";
		};
		4FD1E18C248A4D1800EB1665 /* Audio_Use */ = {
			isa = PBXNativeTarget;
			buildConfigurationList = 4FD1E1A6248A4D1C00EB1665 /* Build configuration list for PBXNativeTarget "Audio_Use" */;
			buildPhases = (
				4FD1E189248A4D1800EB1665 /* Sources */,
				4FD1E18A248A4D1800EB1665 /* Frameworks */,
				4FD1E18B248A4D1800EB1665 /* Resources */,
			);
			buildRules = (
			);
			dependencies = (
			);
			name = Audio_Use;
			productName = AudioFileStream_use;
			productReference = 4FD1E18D248A4D1800EB1665 /* Audio_Use.app */;
			productType = "com.apple.product-type.application";
		};
/* End PBXNativeTarget section */

/* Begin PBXProject section */
		4FD1E185248A4D1800EB1665 /* Project object */ = {
			isa = PBXProject;
			attributes = {
				LastUpgradeCheck = 1110;
				ORGANIZATIONNAME = agant;
				TargetAttributes = {
					4F90A05424935C4600054CE5 = {
						CreatedOnToolsVersion = 11.5;
						TestTargetID = 4FD1E18C248A4D1800EB1665;
					};
					4FD1E18C248A4D1800EB1665 = {
						CreatedOnToolsVersion = 11.1;
					};
				};
			};
			buildConfigurationList = 4FD1E188248A4D1800EB1665 /* Build configuration list for PBXProject "Audio_Use" */;
			compatibilityVersion = "Xcode 9.3";
			developmentRegion = en;
			hasScannedForEncodings = 0;
			knownRegions = (
				en,
				Base,
			);
			mainGroup = 4FD1E184248A4D1800EB1665;
			productRefGroup = 4FD1E18E248A4D1800EB1665 /* Products */;
			projectDirPath = "";
			projectRoot = "";
			targets = (
				4FD1E18C248A4D1800EB1665 /* Audio_Use */,
				4F90A05424935C4600054CE5 /* Audio_UseTests */,
			);
		};
/* End PBXProject section */

/* Begin PBXResourcesBuildPhase section */
		4F90A05324935C4600054CE5 /* Resources */ = {
			isa = PBXResourcesBuildPhase;
			buildActionMask = 2147483647;
			files = (
			);
			runOnlyForDeploymentPostprocessing = 0;
		};
		4FD1E18B248A4D1800EB1665 /* Resources */ = {
			isa = PBXResourcesBuildPhase;
			buildActionMask = 2147483647;
			files = (
				4FD1E1A0248A4D1C00EB1665 /* LaunchScreen.storyboard in Resources */,
				4F90A0492493217200054CE5 /* 小城大事.mp3 in Resources */,
				4FD1E19D248A4D1C00EB1665 /* Assets.xcassets in Resources */,
				4FD1E19B248A4D1800EB1665 /* Main.storyboard in Resources */,
				4F90A04A2493217200054CE5 /* 她来听我的演唱会.mp3 in Resources */,
				4F90A050249321C000054CE5 /* MP3Sample.mp3 in Resources */,
			);
			runOnlyForDeploymentPostprocessing = 0;
		};
/* End PBXResourcesBuildPhase section */

/* Begin PBXSourcesBuildPhase section */
		4F90A05124935C4600054CE5 /* Sources */ = {
			isa = PBXSourcesBuildPhase;
			buildActionMask = 2147483647;
			files = (
				4F90A05824935C4600054CE5 /* Audio_UseTests.m in Sources */,
			);
			runOnlyForDeploymentPostprocessing = 0;
		};
		4FD1E189248A4D1800EB1665 /* Sources */ = {
			isa = PBXSourcesBuildPhase;
			buildActionMask = 2147483647;
			files = (
				4FCFE771248F2FDF00331A03 /* AudioFile_Use.m in Sources */,
				4F1815D524976BF900E5181D /* ViewController2.m in Sources */,
				4F1815D22497687600E5181D /* QSAudioPlayer.m in Sources */,
				4FD1E198248A4D1800EB1665 /* ViewController.m in Sources */,
				4F90A06124936C9B00054CE5 /* QSAudioFile.m in Sources */,
				4F6B3F502491D0DB00E9B834 /* QSAudioFileStream.m in Sources */,
				4FD1E1AB248A4DF900EB1665 /* AudioFileStream_Use.m in Sources */,
				4FCFE774248F83A700331A03 /* AudioQueue_Use.m in Sources */,
				4F1815CF24971BD200E5181D /* QSAudioParsedData.m in Sources */,
				4FD1E192248A4D1800EB1665 /* AppDelegate.m in Sources */,
				4F1815D8249779AB00E5181D /* QSAudioBuffer.m in Sources */,
				4FD1E1A3248A4D1C00EB1665 /* main.m in Sources */,
				4F66877B2498A37600D8A7E7 /* QSAudioOutputQueue.m in Sources */,
				4F6B3F4C2491B9F900E9B834 /* Audio_Play.m in Sources */,
				4FD1E195248A4D1800EB1665 /* SceneDelegate.m in Sources */,
			);
			runOnlyForDeploymentPostprocessing = 0;
		};
/* End PBXSourcesBuildPhase section */

/* Begin PBXTargetDependency section */
		4F90A05B24935C4600054CE5 /* PBXTargetDependency */ = {
			isa = PBXTargetDependency;
			target = 4FD1E18C248A4D1800EB1665 /* Audio_Use */;
			targetProxy = 4F90A05A24935C4600054CE5 /* PBXContainerItemProxy */;
		};
/* End PBXTargetDependency section */

/* Begin PBXVariantGroup section */
		4FD1E199248A4D1800EB1665 /* Main.storyboard */ = {
			isa = PBXVariantGroup;
			children = (
				4FD1E19A248A4D1800EB1665 /* Base */,
			);
			name = Main.storyboard;
			sourceTree = "<group>";
		};
		4FD1E19E248A4D1C00EB1665 /* LaunchScreen.storyboard */ = {
			isa = PBXVariantGroup;
			children = (
				4FD1E19F248A4D1C00EB1665 /* Base */,
			);
			name = LaunchScreen.storyboard;
			sourceTree = "<group>";
		};
/* End PBXVariantGroup section */

/* Begin XCBuildConfiguration section */
		4F90A05D24935C4600054CE5 /* Debug */ = {
			isa = XCBuildConfiguration;
			buildSettings = {
				BUNDLE_LOADER = "$(TEST_HOST)";
				CODE_SIGN_STYLE = Automatic;
				INFOPLIST_FILE = Audio_UseTests/Info.plist;
				IPHONEOS_DEPLOYMENT_TARGET = 13.5;
				LD_RUNPATH_SEARCH_PATHS = (
					"$(inherited)",
					"@executable_path/Frameworks",
					"@loader_path/Frameworks",
				);
				PRODUCT_BUNDLE_IDENTIFIER = "com.fqs.Audio-UseTests";
				PRODUCT_NAME = "$(TARGET_NAME)";
				TARGETED_DEVICE_FAMILY = "1,2";
				TEST_HOST = "$(BUILT_PRODUCTS_DIR)/Audio_Use.app/Audio_Use";
			};
			name = Debug;
		};
		4F90A05E24935C4600054CE5 /* Release */ = {
			isa = XCBuildConfiguration;
			buildSettings = {
				BUNDLE_LOADER = "$(TEST_HOST)";
				CODE_SIGN_STYLE = Automatic;
				INFOPLIST_FILE = Audio_UseTests/Info.plist;
				IPHONEOS_DEPLOYMENT_TARGET = 13.5;
				LD_RUNPATH_SEARCH_PATHS = (
					"$(inherited)",
					"@executable_path/Frameworks",
					"@loader_path/Frameworks",
				);
				PRODUCT_BUNDLE_IDENTIFIER = "com.fqs.Audio-UseTests";
				PRODUCT_NAME = "$(TARGET_NAME)";
				TARGETED_DEVICE_FAMILY = "1,2";
				TEST_HOST = "$(BUILT_PRODUCTS_DIR)/Audio_Use.app/Audio_Use";
			};
			name = Release;
		};
		4FD1E1A4248A4D1C00EB1665 /* Debug */ = {
			isa = XCBuildConfiguration;
			buildSettings = {
				ALWAYS_SEARCH_USER_PATHS = NO;
				CLANG_ANALYZER_NONNULL = YES;
				CLANG_ANALYZER_NUMBER_OBJECT_CONVERSION = YES_AGGRESSIVE;
				CLANG_CXX_LANGUAGE_STANDARD = "gnu++14";
				CLANG_CXX_LIBRARY = "libc++";
				CLANG_ENABLE_MODULES = YES;
				CLANG_ENABLE_OBJC_ARC = YES;
				CLANG_ENABLE_OBJC_WEAK = YES;
				CLANG_WARN_BLOCK_CAPTURE_AUTORELEASING = YES;
				CLANG_WARN_BOOL_CONVERSION = YES;
				CLANG_WARN_COMMA = YES;
				CLANG_WARN_CONSTANT_CONVERSION = YES;
				CLANG_WARN_DEPRECATED_OBJC_IMPLEMENTATIONS = YES;
				CLANG_WARN_DIRECT_OBJC_ISA_USAGE = YES_ERROR;
				CLANG_WARN_DOCUMENTATION_COMMENTS = YES;
				CLANG_WARN_EMPTY_BODY = YES;
				CLANG_WARN_ENUM_CONVERSION = YES;
				CLANG_WARN_INFINITE_RECURSION = YES;
				CLANG_WARN_INT_CONVERSION = YES;
				CLANG_WARN_NON_LITERAL_NULL_CONVERSION = YES;
				CLANG_WARN_OBJC_IMPLICIT_RETAIN_SELF = YES;
				CLANG_WARN_OBJC_LITERAL_CONVERSION = YES;
				CLANG_WARN_OBJC_ROOT_CLASS = YES_ERROR;
				CLANG_WARN_RANGE_LOOP_ANALYSIS = YES;
				CLANG_WARN_STRICT_PROTOTYPES = YES;
				CLANG_WARN_SUSPICIOUS_MOVE = YES;
				CLANG_WARN_UNGUARDED_AVAILABILITY = YES_AGGRESSIVE;
				CLANG_WARN_UNREACHABLE_CODE = YES;
				CLANG_WARN__DUPLICATE_METHOD_MATCH = YES;
				COPY_PHASE_STRIP = NO;
				DEBUG_INFORMATION_FORMAT = dwarf;
				ENABLE_STRICT_OBJC_MSGSEND = YES;
				ENABLE_TESTABILITY = YES;
				GCC_C_LANGUAGE_STANDARD = gnu11;
				GCC_DYNAMIC_NO_PIC = NO;
				GCC_NO_COMMON_BLOCKS = YES;
				GCC_OPTIMIZATION_LEVEL = 0;
				GCC_PREPROCESSOR_DEFINITIONS = (
					"DEBUG=1",
					"$(inherited)",
				);
				GCC_WARN_64_TO_32_BIT_CONVERSION = YES;
				GCC_WARN_ABOUT_RETURN_TYPE = YES_ERROR;
				GCC_WARN_UNDECLARED_SELECTOR = YES;
				GCC_WARN_UNINITIALIZED_AUTOS = YES_AGGRESSIVE;
				GCC_WARN_UNUSED_FUNCTION = YES;
				GCC_WARN_UNUSED_VARIABLE = YES;
				IPHONEOS_DEPLOYMENT_TARGET = 13.1;
				MTL_ENABLE_DEBUG_INFO = INCLUDE_SOURCE;
				MTL_FAST_MATH = YES;
				ONLY_ACTIVE_ARCH = YES;
				SDKROOT = iphoneos;
			};
			name = Debug;
		};
		4FD1E1A5248A4D1C00EB1665 /* Release */ = {
			isa = XCBuildConfiguration;
			buildSettings = {
				ALWAYS_SEARCH_USER_PATHS = NO;
				CLANG_ANALYZER_NONNULL = YES;
				CLANG_ANALYZER_NUMBER_OBJECT_CONVERSION = YES_AGGRESSIVE;
				CLANG_CXX_LANGUAGE_STANDARD = "gnu++14";
				CLANG_CXX_LIBRARY = "libc++";
				CLANG_ENABLE_MODULES = YES;
				CLANG_ENABLE_OBJC_ARC = YES;
				CLANG_ENABLE_OBJC_WEAK = YES;
				CLANG_WARN_BLOCK_CAPTURE_AUTORELEASING = YES;
				CLANG_WARN_BOOL_CONVERSION = YES;
				CLANG_WARN_COMMA = YES;
				CLANG_WARN_CONSTANT_CONVERSION = YES;
				CLANG_WARN_DEPRECATED_OBJC_IMPLEMENTATIONS = YES;
				CLANG_WARN_DIRECT_OBJC_ISA_USAGE = YES_ERROR;
				CLANG_WARN_DOCUMENTATION_COMMENTS = YES;
				CLANG_WARN_EMPTY_BODY = YES;
				CLANG_WARN_ENUM_CONVERSION = YES;
				CLANG_WARN_INFINITE_RECURSION = YES;
				CLANG_WARN_INT_CONVERSION = YES;
				CLANG_WARN_NON_LITERAL_NULL_CONVERSION = YES;
				CLANG_WARN_OBJC_IMPLICIT_RETAIN_SELF = YES;
				CLANG_WARN_OBJC_LITERAL_CONVERSION = YES;
				CLANG_WARN_OBJC_ROOT_CLASS = YES_ERROR;
				CLANG_WARN_RANGE_LOOP_ANALYSIS = YES;
				CLANG_WARN_STRICT_PROTOTYPES = YES;
				CLANG_WARN_SUSPICIOUS_MOVE = YES;
				CLANG_WARN_UNGUARDED_AVAILABILITY = YES_AGGRESSIVE;
				CLANG_WARN_UNREACHABLE_CODE = YES;
				CLANG_WARN__DUPLICATE_METHOD_MATCH = YES;
				COPY_PHASE_STRIP = NO;
				DEBUG_INFORMATION_FORMAT = "dwarf-with-dsym";
				ENABLE_NS_ASSERTIONS = NO;
				ENABLE_STRICT_OBJC_MSGSEND = YES;
				GCC_C_LANGUAGE_STANDARD = gnu11;
				GCC_NO_COMMON_BLOCKS = YES;
				GCC_WARN_64_TO_32_BIT_CONVERSION = YES;
				GCC_WARN_ABOUT_RETURN_TYPE = YES_ERROR;
				GCC_WARN_UNDECLARED_SELECTOR = YES;
				GCC_WARN_UNINITIALIZED_AUTOS = YES_AGGRESSIVE;
				GCC_WARN_UNUSED_FUNCTION = YES;
				GCC_WARN_UNUSED_VARIABLE = YES;
				IPHONEOS_DEPLOYMENT_TARGET = 13.1;
				MTL_ENABLE_DEBUG_INFO = NO;
				MTL_FAST_MATH = YES;
				SDKROOT = iphoneos;
				VALIDATE_PRODUCT = YES;
			};
			name = Release;
		};
		4FD1E1A7248A4D1C00EB1665 /* Debug */ = {
			isa = XCBuildConfiguration;
			buildSettings = {
				ASSETCATALOG_COMPILER_APPICON_NAME = AppIcon;
				CODE_SIGN_STYLE = Automatic;
				DEVELOPMENT_TEAM = LZPDB9SF5E;
				INFOPLIST_FILE = Audio_Use/Info.plist;
				LD_RUNPATH_SEARCH_PATHS = (
					"$(inherited)",
					"@executable_path/Frameworks",
				);
				PRODUCT_BUNDLE_IDENTIFIER = "com.fqs.AudioFileStream-use";
				PRODUCT_NAME = "$(TARGET_NAME)";
				TARGETED_DEVICE_FAMILY = "1,2";
			};
			name = Debug;
		};
		4FD1E1A8248A4D1C00EB1665 /* Release */ = {
			isa = XCBuildConfiguration;
			buildSettings = {
				ASSETCATALOG_COMPILER_APPICON_NAME = AppIcon;
				CODE_SIGN_STYLE = Automatic;
				DEVELOPMENT_TEAM = LZPDB9SF5E;
				INFOPLIST_FILE = Audio_Use/Info.plist;
				LD_RUNPATH_SEARCH_PATHS = (
					"$(inherited)",
					"@executable_path/Frameworks",
				);
				PRODUCT_BUNDLE_IDENTIFIER = "com.fqs.AudioFileStream-use";
				PRODUCT_NAME = "$(TARGET_NAME)";
				TARGETED_DEVICE_FAMILY = "1,2";
			};
			name = Release;
		};
/* End XCBuildConfiguration section */

/* Begin XCConfigurationList section */
		4F90A05C24935C4600054CE5 /* Build configuration list for PBXNativeTarget "Audio_UseTests" */ = {
			isa = XCConfigurationList;
			buildConfigurations = (
				4F90A05D24935C4600054CE5 /* Debug */,
				4F90A05E24935C4600054CE5 /* Release */,
			);
			defaultConfigurationIsVisible = 0;
			defaultConfigurationName = Release;
		};
		4FD1E188248A4D1800EB1665 /* Build configuration list for PBXProject "Audio_Use" */ = {
			isa = XCConfigurationList;
			buildConfigurations = (
				4FD1E1A4248A4D1C00EB1665 /* Debug */,
				4FD1E1A5248A4D1C00EB1665 /* Release */,
			);
			defaultConfigurationIsVisible = 0;
			defaultConfigurationName = Release;
		};
		4FD1E1A6248A4D1C00EB1665 /* Build configuration list for PBXNativeTarget "Audio_Use" */ = {
			isa = XCConfigurationList;
			buildConfigurations = (
				4FD1E1A7248A4D1C00EB1665 /* Debug */,
				4FD1E1A8248A4D1C00EB1665 /* Release */,
			);
			defaultConfigurationIsVisible = 0;
			defaultConfigurationName = Release;
		};
/* End XCConfigurationList section */
	};
	rootObject = 4FD1E185248A4D1800EB1665 /* Project object */;
}
